
Microsoft Visual Studio Solution File, Format Version 12.00
# Visual Studio Version 16
VisualStudioVersion = 16.0.28803.916
MinimumVisualStudioVersion = 10.0.40219.1
Project("{FAE04EC0-301F-11D3-BF4B-00C04F79EFBC}") = "Menu de Compras CS go", "Menu de Compras CS go\Menu de Compras CS go.csproj", "{7B3C8050-6852-4574-9F73-DE47AF1D36EC}"
EndProject
Global
	GlobalSection(SolutionConfigurationPlatforms) = preSolution
		Debug|Any CPU = Debug|Any CPU
		Release|Any CPU = Release|Any CPU
	EndGlobalSection
	GlobalSection(ProjectConfigurationPlatforms) = postSolution
		{7B3C8050-6852-4574-9F73-DE47AF1D36EC}.Debug|Any CPU.ActiveCfg = Debug|Any CPU
		{7B3C8050-6852-4574-9F73-DE47AF1D36EC}.Debug|Any CPU.Build.0 = Debug|Any CPU
		{7B3C8050-6852-4574-9F73-DE47AF1D36EC}.Release|Any CPU.ActiveCfg = Release|Any CPU
		{7B3C8050-6852-4574-9F73-DE47AF1D36EC}.Release|Any CPU.Build.0 = Release|Any CPU
	EndGlobalSection
	GlobalSection(SolutionProperties) = preSolution
		HideSolutionNode = FALSE
	EndGlobalSection
	GlobalSection(ExtensibilityGlobals) = postSolution
		SolutionGuid = {392D8CFF-BB67-40AB-A8E0-80A8D726A321}
	EndGlobalSection
EndGlobal
